// !$*UTF8*$!
{
	archiveVersion = 1;
	classes = {
	};
	objectVersion = 50;
	objects = {

/* Begin PBXBuildFile section */
		7F0D681721AEADDA005EC3AB /* BuyViewController.swift in Sources */ = {isa = PBXBuildFile; fileRef = 7F0D681621AEADDA005EC3AB /* BuyViewController.swift */; };
		7F63AEFA21AC290C00ACFE9F /* CompraDeEntradasCell.swift in Sources */ = {isa = PBXBuildFile; fileRef = 7F63AEF921AC290C00ACFE9F /* CompraDeEntradasCell.swift */; };
		7F6E682B21A80FCD00F8D884 /* AppDelegate.swift in Sources */ = {isa = PBXBuildFile; fileRef = 7F6E682A21A80FCD00F8D884 /* AppDelegate.swift */; };
		7F6E682D21A80FCD00F8D884 /* ViewController.swift in Sources */ = {isa = PBXBuildFile; fileRef = 7F6E682C21A80FCD00F8D884 /* ViewController.swift */; };
		7F6E683021A80FCD00F8D884 /* Main.storyboard in Resources */ = {isa = PBXBuildFile; fileRef = 7F6E682E21A80FCD00F8D884 /* Main.storyboard */; };
		7F6E683221A80FCE00F8D884 /* Assets.xcassets in Resources */ = {isa = PBXBuildFile; fileRef = 7F6E683121A80FCE00F8D884 /* Assets.xcassets */; };
		7F6E683521A80FCE00F8D884 /* LaunchScreen.storyboard in Resources */ = {isa = PBXBuildFile; fileRef = 7F6E683321A80FCE00F8D884 /* LaunchScreen.storyboard */; };
		7F90003521B6A990009F4E9B /* OwnTicketsViewController.swift in Sources */ = {isa = PBXBuildFile; fileRef = 7F90003421B6A990009F4E9B /* OwnTicketsViewController.swift */; };
		7FAF059B21B56905007F13E3 /* EntradasCompradasTableViewCell.swift in Sources */ = {isa = PBXBuildFile; fileRef = 7FAF059A21B56905007F13E3 /* EntradasCompradasTableViewCell.swift */; };
/* End PBXBuildFile section */

/* Begin PBXFileReference section */
		7F0D681621AEADDA005EC3AB /* BuyViewController.swift */ = {isa = PBXFileReference; lastKnownFileType = sourcecode.swift; path = BuyViewController.swift; sourceTree = "<group>"; };
		7F63AEF921AC290C00ACFE9F /* CompraDeEntradasCell.swift */ = {isa = PBXFileReference; lastKnownFileType = sourcecode.swift; path = CompraDeEntradasCell.swift; sourceTree = "<group>"; };
		7F6E682721A80FCD00F8D884 /* App Venta Entradas.app */ = {isa = PBXFileReference; explicitFileType = wrapper.application; includeInIndex = 0; path = "App Venta Entradas.app"; sourceTree = BUILT_PRODUCTS_DIR; };
		7F6E682A21A80FCD00F8D884 /* AppDelegate.swift */ = {isa = PBXFileReference; lastKnownFileType = sourcecode.swift; path = AppDelegate.swift; sourceTree = "<group>"; };
		7F6E682C21A80FCD00F8D884 /* ViewController.swift */ = {isa = PBXFileReference; lastKnownFileType = sourcecode.swift; path = ViewController.swift; sourceTree = "<group>"; };
		7F6E682F21A80FCD00F8D884 /* Base */ = {isa = PBXFileReference; lastKnownFileType = file.storyboard; name = Base; path = Base.lproj/Main.storyboard; sourceTree = "<group>"; };
		7F6E683121A80FCE00F8D884 /* Assets.xcassets */ = {isa = PBXFileReference; lastKnownFileType = folder.assetcatalog; path = Assets.xcassets; sourceTree = "<group>"; };
		7F6E683421A80FCE00F8D884 /* Base */ = {isa = PBXFileReference; lastKnownFileType = file.storyboard; name = Base; path = Base.lproj/LaunchScreen.storyboard; sourceTree = "<group>"; };
		7F6E683621A80FCE00F8D884 /* Info.plist */ = {isa = PBXFileReference; lastKnownFileType = text.plist.xml; path = Info.plist; sourceTree = "<group>"; };
		7F90003421B6A990009F4E9B /* OwnTicketsViewController.swift */ = {isa = PBXFileReference; lastKnownFileType = sourcecode.swift; path = OwnTicketsViewController.swift; sourceTree = "<group>"; };
		7FAF059A21B56905007F13E3 /* EntradasCompradasTableViewCell.swift */ = {isa = PBXFileReference; lastKnownFileType = sourcecode.swift; path = EntradasCompradasTableViewCell.swift; sourceTree = "<group>"; };
/* End PBXFileReference section */

/* Begin PBXFrameworksBuildPhase section */
		7F6E682421A80FCD00F8D884 /* Frameworks */ = {
			isa = PBXFrameworksBuildPhase;
			buildActionMask = 2147483647;
			files = (
			);
			runOnlyForDeploymentPostprocessing = 0;
		};
/* End PBXFrameworksBuildPhase section */

/* Begin PBXGroup section */
		7F6E681E21A80FCD00F8D884 = {
			isa = PBXGroup;
			children = (
				7F6E682921A80FCD00F8D884 /* App Venta Entradas */,
				7F6E682821A80FCD00F8D884 /* Products */,
			);
			sourceTree = "<group>";
		};
		7F6E682821A80FCD00F8D884 /* Products */ = {
			isa = PBXGroup;
			children = (
				7F6E682721A80FCD00F8D884 /* App Venta Entradas.app */,
			);
			name = Products;
			sourceTree = "<group>";
		};
		7F6E682921A80FCD00F8D884 /* App Venta Entradas */ = {
			isa = PBXGroup;
			children = (
				7F90003821B6AE21009F4E9B /* TableViewController */,
				7F90003721B6AE0E009F4E9B /* Celdas */,
				7F6E682A21A80FCD00F8D884 /* AppDelegate.swift */,
				7F6E682C21A80FCD00F8D884 /* ViewController.swift */,
				7F6E683121A80FCE00F8D884 /* Assets.xcassets */,
				7F6E682E21A80FCD00F8D884 /* Main.storyboard */,
				7F6E683321A80FCE00F8D884 /* LaunchScreen.storyboard */,
				7F6E683621A80FCE00F8D884 /* Info.plist */,
			);
			path = "App Venta Entradas";
			sourceTree = "<group>";
		};
		7F90003721B6AE0E009F4E9B /* Celdas */ = {
			isa = PBXGroup;
			children = (
				7F63AEF921AC290C00ACFE9F /* CompraDeEntradasCell.swift */,
				7FAF059A21B56905007F13E3 /* EntradasCompradasTableViewCell.swift */,
			);
			path = Celdas;
			sourceTree = "<group>";
		};
		7F90003821B6AE21009F4E9B /* TableViewController */ = {
			isa = PBXGroup;
			children = (
				7F90003421B6A990009F4E9B /* OwnTicketsViewController.swift */,
				7F0D681621AEADDA005EC3AB /* BuyViewController.swift */,
			);
			path = TableViewController;
			sourceTree = "<group>";
		};
/* End PBXGroup section */

/* Begin PBXNativeTarget section */
		7F6E682621A80FCD00F8D884 /* App Venta Entradas */ = {
			isa = PBXNativeTarget;
			buildConfigurationList = 7F6E683921A80FCE00F8D884 /* Build configuration list for PBXNativeTarget "App Venta Entradas" */;
			buildPhases = (
				7F6E682321A80FCD00F8D884 /* Sources */,
				7F6E682421A80FCD00F8D884 /* Frameworks */,
				7F6E682521A80FCD00F8D884 /* Resources */,
			);
			buildRules = (
			);
			dependencies = (
			);
			name = "App Venta Entradas";
			productName = "App Venta Entradas";
			productReference = 7F6E682721A80FCD00F8D884 /* App Venta Entradas.app */;
			productType = "com.apple.product-type.application";
		};
/* End PBXNativeTarget section */

/* Begin PBXProject section */
		7F6E681F21A80FCD00F8D884 /* Project object */ = {
			isa = PBXProject;
			attributes = {
				LastSwiftUpdateCheck = 0940;
				LastUpgradeCheck = 0940;
				ORGANIZATIONNAME = alumnos;
				TargetAttributes = {
					7F6E682621A80FCD00F8D884 = {
						CreatedOnToolsVersion = 9.4.1;
					};
				};
			};
			buildConfigurationList = 7F6E682221A80FCD00F8D884 /* Build configuration list for PBXProject "App Venta Entradas" */;
			compatibilityVersion = "Xcode 9.3";
			developmentRegion = en;
			hasScannedForEncodings = 0;
			knownRegions = (
				en,
				Base,
			);
			mainGroup = 7F6E681E21A80FCD00F8D884;
			productRefGroup = 7F6E682821A80FCD00F8D884 /* Products */;
			projectDirPath = "";
			projectRoot = "";
			targets = (
				7F6E682621A80FCD00F8D884 /* App Venta Entradas */,
			);
		};
/* End PBXProject section */

/* Begin PBXResourcesBuildPhase section */
		7F6E682521A80FCD00F8D884 /* Resources */ = {
			isa = PBXResourcesBuildPhase;
			buildActionMask = 2147483647;
			files = (
				7F6E683521A80FCE00F8D884 /* LaunchScreen.storyboard in Resources */,
				7F6E683221A80FCE00F8D884 /* Assets.xcassets in Resources */,
				7F6E683021A80FCD00F8D884 /* Main.storyboard in Resources */,
			);
			runOnlyForDeploymentPostprocessing = 0;
		};
/* End PBXResourcesBuildPhase section */

/* Begin PBXSourcesBuildPhase section */
		7F6E682321A80FCD00F8D884 /* Sources */ = {
			isa = PBXSourcesBuildPhase;
			buildActionMask = 2147483647;
			files = (
				7F63AEFA21AC290C00ACFE9F /* CompraDeEntradasCell.swift in Sources */,
				7F0D681721AEADDA005EC3AB /* BuyViewController.swift in Sources */,
				7F6E682D21A80FCD00F8D884 /* ViewController.swift in Sources */,
				7FAF059B21B56905007F13E3 /* EntradasCompradasTableViewCell.swift in Sources */,
				7F6E682B21A80FCD00F8D884 /* AppDelegate.swift in Sources */,
				7F90003521B6A990009F4E9B /* OwnTicketsViewController.swift in Sources */,
			);
			runOnlyForDeploymentPostprocessing = 0;
		};
/* End PBXSourcesBuildPhase section */

/* Begin PBXVariantGroup section */
		7F6E682E21A80FCD00F8D884 /* Main.storyboard */ = {
			isa = PBXVariantGroup;
			children = (
				7F6E682F21A80FCD00F8D884 /* Base */,
			);
			name = Main.storyboard;
			sourceTree = "<group>";
		};
		7F6E683321A80FCE00F8D884 /* LaunchScreen.storyboard */ = {
			isa = PBXVariantGroup;
			children = (
				7F6E683421A80FCE00F8D884 /* Base */,
			);
			name = LaunchScreen.storyboard;
			sourceTree = "<group>";
		};
/* End PBXVariantGroup section */

/* Begin XCBuildConfiguration section */
		7F6E683721A80FCE00F8D884 /* Debug */ = {
			isa = XCBuildConfiguration;
			buildSettings = {
				ALWAYS_SEARCH_USER_PATHS = NO;
				CLANG_ANALYZER_NONNULL = YES;
				CLANG_ANALYZER_NUMBER_OBJECT_CONVERSION = YES_AGGRESSIVE;
				CLANG_CXX_LANGUAGE_STANDARD = "gnu++14";
				CLANG_CXX_LIBRARY = "libc++";
				CLANG_ENABLE_MODULES = YES;
				CLANG_ENABLE_OBJC_ARC = YES;
				CLANG_ENABLE_OBJC_WEAK = YES;
				CLANG_WARN_BLOCK_CAPTURE_AUTORELEASING = YES;
				CLANG_WARN_BOOL_CONVERSION = YES;
				CLANG_WARN_COMMA = YES;
				CLANG_WARN_CONSTANT_CONVERSION = YES;
				CLANG_WARN_DEPRECATED_OBJC_IMPLEMENTATIONS = YES;
				CLANG_WARN_DIRECT_OBJC_ISA_USAGE = YES_ERROR;
				CLANG_WARN_DOCUMENTATION_COMMENTS = YES;
				CLANG_WARN_EMPTY_BODY = YES;
				CLANG_WARN_ENUM_CONVERSION = YES;
				CLANG_WARN_INFINITE_RECURSION = YES;
				CLANG_WARN_INT_CONVERSION = YES;
				CLANG_WARN_NON_LITERAL_NULL_CONVERSION = YES;
				CLANG_WARN_OBJC_IMPLICIT_RETAIN_SELF = YES;
				CLANG_WARN_OBJC_LITERAL_CONVERSION = YES;
				CLANG_WARN_OBJC_ROOT_CLASS = YES_ERROR;
				CLANG_WARN_RANGE_LOOP_ANALYSIS = YES;
				CLANG_WARN_STRICT_PROTOTYPES = YES;
				CLANG_WARN_SUSPICIOUS_MOVE = YES;
				CLANG_WARN_UNGUARDED_AVAILABILITY = YES_AGGRESSIVE;
				CLANG_WARN_UNREACHABLE_CODE = YES;
				CLANG_WARN__DUPLICATE_METHOD_MATCH = YES;
				CODE_SIGN_IDENTITY = "iPhone Developer";
				COPY_PHASE_STRIP = NO;
				DEBUG_INFORMATION_FORMAT = dwarf;
				ENABLE_STRICT_OBJC_MSGSEND = YES;
				ENABLE_TESTABILITY = YES;
				GCC_C_LANGUAGE_STANDARD = gnu11;
				GCC_DYNAMIC_NO_PIC = NO;
				GCC_NO_COMMON_BLOCKS = YES;
				GCC_OPTIMIZATION_LEVEL = 0;
				GCC_PREPROCESSOR_DEFINITIONS = (
					"DEBUG=1",
					"$(inherited)",
				);
				GCC_WARN_64_TO_32_BIT_CONVERSION = YES;
				GCC_WARN_ABOUT_RETURN_TYPE = YES_ERROR;
				GCC_WARN_UNDECLARED_SELECTOR = YES;
				GCC_WARN_UNINITIALIZED_AUTOS = YES_AGGRESSIVE;
				GCC_WARN_UNUSED_FUNCTION = YES;
				GCC_WARN_UNUSED_VARIABLE = YES;
				IPHONEOS_DEPLOYMENT_TARGET = 11.4;
				MTL_ENABLE_DEBUG_INFO = YES;
				ONLY_ACTIVE_ARCH = YES;
				SDKROOT = iphoneos;
				SWIFT_ACTIVE_COMPILATION_CONDITIONS = DEBUG;
				SWIFT_OPTIMIZATION_LEVEL = "-Onone";
			};
			name = Debug;
		};
		7F6E683821A80FCE00F8D884 /* Release */ = {
			isa = XCBuildConfiguration;
			buildSettings = {
				ALWAYS_SEARCH_USER_PATHS = NO;
				CLANG_ANALYZER_NONNULL = YES;
				CLANG_ANALYZER_NUMBER_OBJECT_CONVERSION = YES_AGGRESSIVE;
				CLANG_CXX_LANGUAGE_STANDARD = "gnu++14";
				CLANG_CXX_LIBRARY = "libc++";
				CLANG_ENABLE_MODULES = YES;
				CLANG_ENABLE_OBJC_ARC = YES;
				CLANG_ENABLE_OBJC_WEAK = YES;
				CLANG_WARN_BLOCK_CAPTURE_AUTORELEASING = YES;
				CLANG_WARN_BOOL_CONVERSION = YES;
				CLANG_WARN_COMMA = YES;
				CLANG_WARN_CONSTANT_CONVERSION = YES;
				CLANG_WARN_DEPRECATED_OBJC_IMPLEMENTATIONS = YES;
				CLANG_WARN_DIRECT_OBJC_ISA_USAGE = YES_ERROR;
				CLANG_WARN_DOCUMENTATION_COMMENTS = YES;
				CLANG_WARN_EMPTY_BODY = YES;
				CLANG_WARN_ENUM_CONVERSION = YES;
				CLANG_WARN_INFINITE_RECURSION = YES;
				CLANG_WARN_INT_CONVERSION = YES;
				CLANG_WARN_NON_LITERAL_NULL_CONVERSION = YES;
				CLANG_WARN_OBJC_IMPLICIT_RETAIN_SELF = YES;
				CLANG_WARN_OBJC_LITERAL_CONVERSION = YES;
				CLANG_WARN_OBJC_ROOT_CLASS = YES_ERROR;
				CLANG_WARN_RANGE_LOOP_ANALYSIS = YES;
				CLANG_WARN_STRICT_PROTOTYPES = YES;
				CLANG_WARN_SUSPICIOUS_MOVE = YES;
				CLANG_WARN_UNGUARDED_AVAILABILITY = YES_AGGRESSIVE;
				CLANG_WARN_UNREACHABLE_CODE = YES;
				CLANG_WARN__DUPLICATE_METHOD_MATCH = YES;
				CODE_SIGN_IDENTITY = "iPhone Developer";
				COPY_PHASE_STRIP = NO;
				DEBUG_INFORMATION_FORMAT = "dwarf-with-dsym";
				ENABLE_NS_ASSERTIONS = NO;
				ENABLE_STRICT_OBJC_MSGSEND = YES;
				GCC_C_LANGUAGE_STANDARD = gnu11;
				GCC_NO_COMMON_BLOCKS = YES;
				GCC_WARN_64_TO_32_BIT_CONVERSION = YES;
				GCC_WARN_ABOUT_RETURN_TYPE = YES_ERROR;
				GCC_WARN_UNDECLARED_SELECTOR = YES;
				GCC_WARN_UNINITIALIZED_AUTOS = YES_AGGRESSIVE;
				GCC_WARN_UNUSED_FUNCTION = YES;
				GCC_WARN_UNUSED_VARIABLE = YES;
				IPHONEOS_DEPLOYMENT_TARGET = 11.4;
				MTL_ENABLE_DEBUG_INFO = NO;
				SDKROOT = iphoneos;
				SWIFT_COMPILATION_MODE = wholemodule;
				SWIFT_OPTIMIZATION_LEVEL = "-O";
				VALIDATE_PRODUCT = YES;
			};
			name = Release;
		};
		7F6E683A21A80FCE00F8D884 /* Debug */ = {
			isa = XCBuildConfiguration;
			buildSettings = {
				ASSETCATALOG_COMPILER_APPICON_NAME = AppIcon;
				CODE_SIGN_STYLE = Automatic;
				INFOPLIST_FILE = "App Venta Entradas/Info.plist";
				LD_RUNPATH_SEARCH_PATHS = (
					"$(inherited)",
					"@executable_path/Frameworks",
				);
				PRODUCT_BUNDLE_IDENTIFIER = "Cev.App-Venta-Entradas";
				PRODUCT_NAME = "$(TARGET_NAME)";
				SWIFT_VERSION = 4.0;
				TARGETED_DEVICE_FAMILY = "1,2";
			};
			name = Debug;
		};
		7F6E683B21A80FCE00F8D884 /* Release */ = {
			isa = XCBuildConfiguration;
			buildSettings = {
				ASSETCATALOG_COMPILER_APPICON_NAME = AppIcon;
				CODE_SIGN_STYLE = Automatic;
				INFOPLIST_FILE = "App Venta Entradas/Info.plist";
				LD_RUNPATH_SEARCH_PATHS = (
					"$(inherited)",
					"@executable_path/Frameworks",
				);
				PRODUCT_BUNDLE_IDENTIFIER = "Cev.App-Venta-Entradas";
				PRODUCT_NAME = "$(TARGET_NAME)";
				SWIFT_VERSION = 4.0;
				TARGETED_DEVICE_FAMILY = "1,2";
			};
			name = Release;
		};
/* End XCBuildConfiguration section */

/* Begin XCConfigurationList section */
		7F6E682221A80FCD00F8D884 /* Build configuration list for PBXProject "App Venta Entradas" */ = {
			isa = XCConfigurationList;
			buildConfigurations = (
				7F6E683721A80FCE00F8D884 /* Debug */,
				7F6E683821A80FCE00F8D884 /* Release */,
			);
			defaultConfigurationIsVisible = 0;
			defaultConfigurationName = Release;
		};
		7F6E683921A80FCE00F8D884 /* Build configuration list for PBXNativeTarget "App Venta Entradas" */ = {
			isa = XCConfigurationList;
			buildConfigurations = (
				7F6E683A21A80FCE00F8D884 /* Debug */,
				7F6E683B21A80FCE00F8D884 /* Release */,
			);
			defaultConfigurationIsVisible = 0;
			defaultConfigurationName = Release;
		};
/* End XCConfigurationList section */
	};
	rootObject = 7F6E681F21A80FCD00F8D884 /* Project object */;
}
